// !$*UTF8*$!
{
	archiveVersion = 1;
	classes = {
	};
	objectVersion = 55;
	objects = {

/* Begin PBXBuildFile section */
		D21E8E7F26ED93E100529606 /* MaterialCurvedTabBarApp.swift in Sources */ = {isa = PBXBuildFile; fileRef = D21E8E7E26ED93E100529606 /* MaterialCurvedTabBarApp.swift */; };
		D21E8E8126ED93E100529606 /* ContentView.swift in Sources */ = {isa = PBXBuildFile; fileRef = D21E8E8026ED93E100529606 /* ContentView.swift */; };
		D21E8E8326ED93E400529606 /* Assets.xcassets in Resources */ = {isa = PBXBuildFile; fileRef = D21E8E8226ED93E400529606 /* Assets.xcassets */; };
		D21E8E8626ED93E400529606 /* Preview Assets.xcassets in Resources */ = {isa = PBXBuildFile; fileRef = D21E8E8526ED93E400529606 /* Preview Assets.xcassets */; };
		D21E8E8E26ED946500529606 /* CustomTabBar.swift in Sources */ = {isa = PBXBuildFile; fileRef = D21E8E8D26ED946500529606 /* CustomTabBar.swift */; };
		D21E8E9026ED9AE200529606 /* MaterialEffect.swift in Sources */ = {isa = PBXBuildFile; fileRef = D21E8E8F26ED9AE200529606 /* MaterialEffect.swift */; };
		D21E8E9226EDE2D600529606 /* BottomCurve.swift in Sources */ = {isa = PBXBuildFile; fileRef = D21E8E9126EDE2D600529606 /* BottomCurve.swift */; };
/* End PBXBuildFile section */

/* Begin PBXFileReference section */
		D21E8E7B26ED93E100529606 /* MaterialCurvedTabBar.app */ = {isa = PBXFileReference; explicitFileType = wrapper.application; includeInIndex = 0; path = MaterialCurvedTabBar.app; sourceTree = BUILT_PRODUCTS_DIR; };
		D21E8E7E26ED93E100529606 /* MaterialCurvedTabBarApp.swift */ = {isa = PBXFileReference; lastKnownFileType = sourcecode.swift; path = MaterialCurvedTabBarApp.swift; sourceTree = "<group>"; };
		D21E8E8026ED93E100529606 /* ContentView.swift */ = {isa = PBXFileReference; lastKnownFileType = sourcecode.swift; path = ContentView.swift; sourceTree = "<group>"; };
		D21E8E8226ED93E400529606 /* Assets.xcassets */ = {isa = PBXFileReference; lastKnownFileType = folder.assetcatalog; path = Assets.xcassets; sourceTree = "<group>"; };
		D21E8E8526ED93E400529606 /* Preview Assets.xcassets */ = {isa = PBXFileReference; lastKnownFileType = folder.assetcatalog; path = "Preview Assets.xcassets"; sourceTree = "<group>"; };
		D21E8E8D26ED946500529606 /* CustomTabBar.swift */ = {isa = PBXFileReference; lastKnownFileType = sourcecode.swift; path = CustomTabBar.swift; sourceTree = "<group>"; };
		D21E8E8F26ED9AE200529606 /* MaterialEffect.swift */ = {isa = PBXFileReference; lastKnownFileType = sourcecode.swift; path = MaterialEffect.swift; sourceTree = "<group>"; };
		D21E8E9126EDE2D600529606 /* BottomCurve.swift */ = {isa = PBXFileReference; lastKnownFileType = sourcecode.swift; path = BottomCurve.swift; sourceTree = "<group>"; };
/* End PBXFileReference section */

/* Begin PBXFrameworksBuildPhase section */
		D21E8E7826ED93E100529606 /* Frameworks */ = {
			isa = PBXFrameworksBuildPhase;
			buildActionMask = 2147483647;
			files = (
			);
			runOnlyForDeploymentPostprocessing = 0;
		};
/* End PBXFrameworksBuildPhase section */

/* Begin PBXGroup section */
		D21E8E7226ED93E100529606 = {
			isa = PBXGroup;
			children = (
				D21E8E7D26ED93E100529606 /* MaterialCurvedTabBar */,
				D21E8E7C26ED93E100529606 /* Products */,
			);
			sourceTree = "<group>";
		};
		D21E8E7C26ED93E100529606 /* Products */ = {
			isa = PBXGroup;
			children = (
				D21E8E7B26ED93E100529606 /* MaterialCurvedTabBar.app */,
			);
			name = Products;
			sourceTree = "<group>";
		};
		D21E8E7D26ED93E100529606 /* MaterialCurvedTabBar */ = {
			isa = PBXGroup;
			children = (
				D21E8E8C26ED945300529606 /* View */,
				D21E8E7E26ED93E100529606 /* MaterialCurvedTabBarApp.swift */,
				D21E8E8026ED93E100529606 /* ContentView.swift */,
				D21E8E8226ED93E400529606 /* Assets.xcassets */,
				D21E8E8426ED93E400529606 /* Preview Content */,
			);
			path = MaterialCurvedTabBar;
			sourceTree = "<group>";
		};
		D21E8E8426ED93E400529606 /* Preview Content */ = {
			isa = PBXGroup;
			children = (
				D21E8E8526ED93E400529606 /* Preview Assets.xcassets */,
			);
			path = "Preview Content";
			sourceTree = "<group>";
		};
		D21E8E8C26ED945300529606 /* View */ = {
			isa = PBXGroup;
			children = (
				D21E8E8D26ED946500529606 /* CustomTabBar.swift */,
				D21E8E8F26ED9AE200529606 /* MaterialEffect.swift */,
				D21E8E9126EDE2D600529606 /* BottomCurve.swift */,
			);
			path = View;
			sourceTree = "<group>";
		};
/* End PBXGroup section */

/* Begin PBXNativeTarget section */
		D21E8E7A26ED93E100529606 /* MaterialCurvedTabBar */ = {
			isa = PBXNativeTarget;
			buildConfigurationList = D21E8E8926ED93E400529606 /* Build configuration list for PBXNativeTarget "MaterialCurvedTabBar" */;
			buildPhases = (
				D21E8E7726ED93E100529606 /* Sources */,
				D21E8E7826ED93E100529606 /* Frameworks */,
				D21E8E7926ED93E100529606 /* Resources */,
			);
			buildRules = (
			);
			dependencies = (
			);
			name = MaterialCurvedTabBar;
			productName = MaterialCurvedTabBar;
			productReference = D21E8E7B26ED93E100529606 /* MaterialCurvedTabBar.app */;
			productType = "com.apple.product-type.application";
		};
/* End PBXNativeTarget section */

/* Begin PBXProject section */
		D21E8E7326ED93E100529606 /* Project object */ = {
			isa = PBXProject;
			attributes = {
				BuildIndependentTargetsInParallel = 1;
				LastSwiftUpdateCheck = 1300;
				LastUpgradeCheck = 1300;
				TargetAttributes = {
					D21E8E7A26ED93E100529606 = {
						CreatedOnToolsVersion = 13.0;
					};
				};
			};
			buildConfigurationList = D21E8E7626ED93E100529606 /* Build configuration list for PBXProject "MaterialCurvedTabBar" */;
			compatibilityVersion = "Xcode 13.0";
			developmentRegion = en;
			hasScannedForEncodings = 0;
			knownRegions = (
				en,
				Base,
			);
			mainGroup = D21E8E7226ED93E100529606;
			productRefGroup = D21E8E7C26ED93E100529606 /* Products */;
			projectDirPath = "";
			projectRoot = "";
			targets = (
				D21E8E7A26ED93E100529606 /* MaterialCurvedTabBar */,
			);
		};
/* End PBXProject section */

/* Begin PBXResourcesBuildPhase section */
		D21E8E7926ED93E100529606 /* Resources */ = {
			isa = PBXResourcesBuildPhase;
			buildActionMask = 2147483647;
			files = (
				D21E8E8626ED93E400529606 /* Preview Assets.xcassets in Resources */,
				D21E8E8326ED93E400529606 /* Assets.xcassets in Resources */,
			);
			runOnlyForDeploymentPostprocessing = 0;
		};
/* End PBXResourcesBuildPhase section */

/* Begin PBXSourcesBuildPhase section */
		D21E8E7726ED93E100529606 /* Sources */ = {
			isa = PBXSourcesBuildPhase;
			buildActionMask = 2147483647;
			files = (
				D21E8E8126ED93E100529606 /* ContentView.swift in Sources */,
				D21E8E9226EDE2D600529606 /* BottomCurve.swift in Sources */,
				D21E8E8E26ED946500529606 /* CustomTabBar.swift in Sources */,
				D21E8E7F26ED93E100529606 /* MaterialCurvedTabBarApp.swift in Sources */,
				D21E8E9026ED9AE200529606 /* MaterialEffect.swift in Sources */,
			);
			runOnlyForDeploymentPostprocessing = 0;
		};
/* End PBXSourcesBuildPhase section */

/* Begin XCBuildConfiguration section */
		D21E8E8726ED93E400529606 /* Debug */ = {
			isa = XCBuildConfiguration;
			buildSettings = {
				ALWAYS_SEARCH_USER_PATHS = NO;
				CLANG_ANALYZER_NONNULL = YES;
				CLANG_ANALYZER_NUMBER_OBJECT_CONVERSION = YES_AGGRESSIVE;
				CLANG_CXX_LANGUAGE_STANDARD = "gnu++17";
				CLANG_CXX_LIBRARY = "libc++";
				CLANG_ENABLE_MODULES = YES;
				CLANG_ENABLE_OBJC_ARC = YES;
				CLANG_ENABLE_OBJC_WEAK = YES;
				CLANG_WARN_BLOCK_CAPTURE_AUTORELEASING = YES;
				CLANG_WARN_BOOL_CONVERSION = YES;
				CLANG_WARN_COMMA = YES;
				CLANG_WARN_CONSTANT_CONVERSION = YES;
				CLANG_WARN_DEPRECATED_OBJC_IMPLEMENTATIONS = YES;
				CLANG_WARN_DIRECT_OBJC_ISA_USAGE = YES_ERROR;
				CLANG_WARN_DOCUMENTATION_COMMENTS = YES;
				CLANG_WARN_EMPTY_BODY = YES;
				CLANG_WARN_ENUM_CONVERSION = YES;
				CLANG_WARN_INFINITE_RECURSION = YES;
				CLANG_WARN_INT_CONVERSION = YES;
				CLANG_WARN_NON_LITERAL_NULL_CONVERSION = YES;
				CLANG_WARN_OBJC_IMPLICIT_RETAIN_SELF = YES;
				CLANG_WARN_OBJC_LITERAL_CONVERSION = YES;
				CLANG_WARN_OBJC_ROOT_CLASS = YES_ERROR;
				CLANG_WARN_QUOTED_INCLUDE_IN_FRAMEWORK_HEADER = YES;
				CLANG_WARN_RANGE_LOOP_ANALYSIS = YES;
				CLANG_WARN_STRICT_PROTOTYPES = YES;
				CLANG_WARN_SUSPICIOUS_MOVE = YES;
				CLANG_WARN_UNGUARDED_AVAILABILITY = YES_AGGRESSIVE;
				CLANG_WARN_UNREACHABLE_CODE = YES;
				CLANG_WARN__DUPLICATE_METHOD_MATCH = YES;
				COPY_PHASE_STRIP = NO;
				DEBUG_INFORMATION_FORMAT = dwarf;
				ENABLE_STRICT_OBJC_MSGSEND = YES;
				ENABLE_TESTABILITY = YES;
				GCC_C_LANGUAGE_STANDARD = gnu11;
				GCC_DYNAMIC_NO_PIC = NO;
				GCC_NO_COMMON_BLOCKS = YES;
				GCC_OPTIMIZATION_LEVEL = 0;
				GCC_PREPROCESSOR_DEFINITIONS = (
					"DEBUG=1",
					"$(inherited)",
				);
				GCC_WARN_64_TO_32_BIT_CONVERSION = YES;
				GCC_WARN_ABOUT_RETURN_TYPE = YES_ERROR;
				GCC_WARN_UNDECLARED_SELECTOR = YES;
				GCC_WARN_UNINITIALIZED_AUTOS = YES_AGGRESSIVE;
				GCC_WARN_UNUSED_FUNCTION = YES;
				GCC_WARN_UNUSED_VARIABLE = YES;
				IPHONEOS_DEPLOYMENT_TARGET = 15.0;
				MTL_ENABLE_DEBUG_INFO = INCLUDE_SOURCE;
				MTL_FAST_MATH = YES;
				ONLY_ACTIVE_ARCH = YES;
				SDKROOT = iphoneos;
				SWIFT_ACTIVE_COMPILATION_CONDITIONS = DEBUG;
				SWIFT_OPTIMIZATION_LEVEL = "-Onone";
			};
			name = Debug;
		};
		D21E8E8826ED93E400529606 /* Release */ = {
			isa = XCBuildConfiguration;
			buildSettings = {
				ALWAYS_SEARCH_USER_PATHS = NO;
				CLANG_ANALYZER_NONNULL = YES;
				CLANG_ANALYZER_NUMBER_OBJECT_CONVERSION = YES_AGGRESSIVE;
				CLANG_CXX_LANGUAGE_STANDARD = "gnu++17";
				CLANG_CXX_LIBRARY = "libc++";
				CLANG_ENABLE_MODULES = YES;
				CLANG_ENABLE_OBJC_ARC = YES;
				CLANG_ENABLE_OBJC_WEAK = YES;
				CLANG_WARN_BLOCK_CAPTURE_AUTORELEASING = YES;
				CLANG_WARN_BOOL_CONVERSION = YES;
				CLANG_WARN_COMMA = YES;
				CLANG_WARN_CONSTANT_CONVERSION = YES;
				CLANG_WARN_DEPRECATED_OBJC_IMPLEMENTATIONS = YES;
				CLANG_WARN_DIRECT_OBJC_ISA_USAGE = YES_ERROR;
				CLANG_WARN_DOCUMENTATION_COMMENTS = YES;
				CLANG_WARN_EMPTY_BODY = YES;
				CLANG_WARN_ENUM_CONVERSION = YES;
				CLANG_WARN_INFINITE_RECURSION = YES;
				CLANG_WARN_INT_CONVERSION = YES;
				CLANG_WARN_NON_LITERAL_NULL_CONVERSION = YES;
				CLANG_WARN_OBJC_IMPLICIT_RETAIN_SELF = YES;
				CLANG_WARN_OBJC_LITERAL_CONVERSION = YES;
				CLANG_WARN_OBJC_ROOT_CLASS = YES_ERROR;
				CLANG_WARN_QUOTED_INCLUDE_IN_FRAMEWORK_HEADER = YES;
				CLANG_WARN_RANGE_LOOP_ANALYSIS = YES;
				CLANG_WARN_STRICT_PROTOTYPES = YES;
				CLANG_WARN_SUSPICIOUS_MOVE = YES;
				CLANG_WARN_UNGUARDED_AVAILABILITY = YES_AGGRESSIVE;
				CLANG_WARN_UNREACHABLE_CODE = YES;
				CLANG_WARN__DUPLICATE_METHOD_MATCH = YES;
				COPY_PHASE_STRIP = NO;
				DEBUG_INFORMATION_FORMAT = "dwarf-with-dsym";
				ENABLE_NS_ASSERTIONS = NO;
				ENABLE_STRICT_OBJC_MSGSEND = YES;
				GCC_C_LANGUAGE_STANDARD = gnu11;
				GCC_NO_COMMON_BLOCKS = YES;
				GCC_WARN_64_TO_32_BIT_CONVERSION = YES;
				GCC_WARN_ABOUT_RETURN_TYPE = YES_ERROR;
				GCC_WARN_UNDECLARED_SELECTOR = YES;
				GCC_WARN_UNINITIALIZED_AUTOS = YES_AGGRESSIVE;
				GCC_WARN_UNUSED_FUNCTION = YES;
				GCC_WARN_UNUSED_VARIABLE = YES;
				IPHONEOS_DEPLOYMENT_TARGET = 15.0;
				MTL_ENABLE_DEBUG_INFO = NO;
				MTL_FAST_MATH = YES;
				SDKROOT = iphoneos;
				SWIFT_COMPILATION_MODE = wholemodule;
				SWIFT_OPTIMIZATION_LEVEL = "-O";
				VALIDATE_PRODUCT = YES;
			};
			name = Release;
		};
		D21E8E8A26ED93E400529606 /* Debug */ = {
			isa = XCBuildConfiguration;
			buildSettings = {
				ASSETCATALOG_COMPILER_APPICON_NAME = AppIcon;
				ASSETCATALOG_COMPILER_GLOBAL_ACCENT_COLOR_NAME = AccentColor;
				CODE_SIGN_STYLE = Automatic;
				CURRENT_PROJECT_VERSION = 1;
				DEVELOPMENT_ASSET_PATHS = "\"MaterialCurvedTabBar/Preview Content\"";
				DEVELOPMENT_TEAM = FAL6NRZRQP;
				ENABLE_PREVIEWS = YES;
				GENERATE_INFOPLIST_FILE = YES;
				INFOPLIST_KEY_UIApplicationSceneManifest_Generation = YES;
				INFOPLIST_KEY_UIApplicationSupportsIndirectInputEvents = YES;
				INFOPLIST_KEY_UILaunchScreen_Generation = YES;
				INFOPLIST_KEY_UISupportedInterfaceOrientations_iPad = "UIInterfaceOrientationPortrait UIInterfaceOrientationPortraitUpsideDown UIInterfaceOrientationLandscapeLeft UIInterfaceOrientationLandscapeRight";
				INFOPLIST_KEY_UISupportedInterfaceOrientations_iPhone = "UIInterfaceOrientationPortrait UIInterfaceOrientationLandscapeLeft UIInterfaceOrientationLandscapeRight";
				IPHONEOS_DEPLOYMENT_TARGET = 14.0;
				LD_RUNPATH_SEARCH_PATHS = (
					"$(inherited)",
					"@executable_path/Frameworks",
				);
				MARKETING_VERSION = 1.0;
				PRODUCT_BUNDLE_IDENTIFIER = com.jyrnan.MaterialCurvedTabBar;
				PRODUCT_NAME = "$(TARGET_NAME)";
				SWIFT_EMIT_LOC_STRINGS = YES;
				SWIFT_VERSION = 5.0;
				TARGETED_DEVICE_FAMILY = "1,2";
			};
			name = Debug;
		};
		D21E8E8B26ED93E400529606 /* Release */ = {
			isa = XCBuildConfiguration;
			buildSettings = {
				ASSETCATALOG_COMPILER_APPICON_NAME = AppIcon;
				ASSETCATALOG_COMPILER_GLOBAL_ACCENT_COLOR_NAME = AccentColor;
				CODE_SIGN_STYLE = Automatic;
				CURRENT_PROJECT_VERSION = 1;
				DEVELOPMENT_ASSET_PATHS = "\"MaterialCurvedTabBar/Preview Content\"";
				DEVELOPMENT_TEAM = FAL6NRZRQP;
				ENABLE_PREVIEWS = YES;
				GENERATE_INFOPLIST_FILE = YES;
				INFOPLIST_KEY_UIApplicationSceneManifest_Generation = YES;
				INFOPLIST_KEY_UIApplicationSupportsIndirectInputEvents = YES;
				INFOPLIST_KEY_UILaunchScreen_Generation = YES;
				INFOPLIST_KEY_UISupportedInterfaceOrientations_iPad = "UIInterfaceOrientationPortrait UIInterfaceOrientationPortraitUpsideDown UIInterfaceOrientationLandscapeLeft UIInterfaceOrientationLandscapeRight";
				INFOPLIST_KEY_UISupportedInterfaceOrientations_iPhone = "UIInterfaceOrientationPortrait UIInterfaceOrientationLandscapeLeft UIInterfaceOrientationLandscapeRight";
				IPHONEOS_DEPLOYMENT_TARGET = 14.0;
				LD_RUNPATH_SEARCH_PATHS = (
					"$(inherited)",
					"@executable_path/Frameworks",
				);
				MARKETING_VERSION = 1.0;
				PRODUCT_BUNDLE_IDENTIFIER = com.jyrnan.MaterialCurvedTabBar;
				PRODUCT_NAME = "$(TARGET_NAME)";
				SWIFT_EMIT_LOC_STRINGS = YES;
				SWIFT_VERSION = 5.0;
				TARGETED_DEVICE_FAMILY = "1,2";
			};
			name = Release;
		};
/* End XCBuildConfiguration section */

/* Begin XCConfigurationList section */
		D21E8E7626ED93E100529606 /* Build configuration list for PBXProject "MaterialCurvedTabBar" */ = {
			isa = XCConfigurationList;
			buildConfigurations = (
				D21E8E8726ED93E400529606 /* Debug */,
				D21E8E8826ED93E400529606 /* Release */,
			);
			defaultConfigurationIsVisible = 0;
			defaultConfigurationName = Release;
		};
		D21E8E8926ED93E400529606 /* Build configuration list for PBXNativeTarget "MaterialCurvedTabBar" */ = {
			isa = XCConfigurationList;
			buildConfigurations = (
				D21E8E8A26ED93E400529606 /* Debug */,
				D21E8E8B26ED93E400529606 /* Release */,
			);
			defaultConfigurationIsVisible = 0;
			defaultConfigurationName = Release;
		};
/* End XCConfigurationList section */
	};
	rootObject = D21E8E7326ED93E100529606 /* Project object */;
}
